
Microsoft Visual Studio Solution File, Format Version 12.00
# Visual Studio Version 17
VisualStudioVersion = 17.0.31903.59
MinimumVisualStudioVersion = 10.0.40219.1
Project("{2150E333-8FDC-42A3-9474-1A3956D46DE8}") = "src", "src", "{827E0CD3-B72D-47B6-A68D-7590B98EB39B}"
EndProject
Project("{FAE04EC0-301F-11D3-BF4B-00C04F79EFBC}") = "Seven.Facturacion.Domain", "src\Seven.Facturacion.Domain\Seven.Facturacion.Domain.csproj", "{1E32F3FD-D389-4E81-B081-ADC14C1A5F37}"
EndProject
Project("{FAE04EC0-301F-11D3-BF4B-00C04F79EFBC}") = "Seven.Facturacion.Application", "src\Seven.Facturacion.Application\Seven.Facturacion.Application.csproj", "{0969A007-491D-41C8-B339-64A9E077C80D}"
EndProject
Project("{FAE04EC0-301F-11D3-BF4B-00C04F79EFBC}") = "Seven.Facturacion.Infrastructure", "src\Seven.Facturacion.Infrastructure\Seven.Facturacion.Infrastructure.csproj", "{8BE3A048-1047-4210-8F16-B907E9C5BE9F}"
EndProject
Project("{FAE04EC0-301F-11D3-BF4B-00C04F79EFBC}") = "Seven.Facturacion.Api", "src\Seven.Facturacion.Api\Seven.Facturacion.Api.csproj", "{AC0B8303-FF82-4DDD-92E5-87060FCF7B6C}"
EndProject
Global
	GlobalSection(SolutionConfigurationPlatforms) = preSolution
		Debug|Any CPU = Debug|Any CPU
		Debug|x64 = Debug|x64
		Debug|x86 = Debug|x86
		Release|Any CPU = Release|Any CPU
		Release|x64 = Release|x64
		Release|x86 = Release|x86
	EndGlobalSection
	GlobalSection(ProjectConfigurationPlatforms) = postSolution
		{1E32F3FD-D389-4E81-B081-ADC14C1A5F37}.Debug|Any CPU.ActiveCfg = Debug|Any CPU
		{1E32F3FD-D389-4E81-B081-ADC14C1A5F37}.Debug|Any CPU.Build.0 = Debug|Any CPU
		{1E32F3FD-D389-4E81-B081-ADC14C1A5F37}.Debug|x64.ActiveCfg = Debug|Any CPU
		{1E32F3FD-D389-4E81-B081-ADC14C1A5F37}.Debug|x64.Build.0 = Debug|Any CPU
		{1E32F3FD-D389-4E81-B081-ADC14C1A5F37}.Debug|x86.ActiveCfg = Debug|Any CPU
		{1E32F3FD-D389-4E81-B081-ADC14C1A5F37}.Debug|x86.Build.0 = Debug|Any CPU
		{1E32F3FD-D389-4E81-B081-ADC14C1A5F37}.Release|Any CPU.ActiveCfg = Release|Any CPU
		{1E32F3FD-D389-4E81-B081-ADC14C1A5F37}.Release|Any CPU.Build.0 = Release|Any CPU
		{1E32F3FD-D389-4E81-B081-ADC14C1A5F37}.Release|x64.ActiveCfg = Release|Any CPU
		{1E32F3FD-D389-4E81-B081-ADC14C1A5F37}.Release|x64.Build.0 = Release|Any CPU
		{1E32F3FD-D389-4E81-B081-ADC14C1A5F37}.Release|x86.ActiveCfg = Release|Any CPU
		{1E32F3FD-D389-4E81-B081-ADC14C1A5F37}.Release|x86.Build.0 = Release|Any CPU
		{0969A007-491D-41C8-B339-64A9E077C80D}.Debug|Any CPU.ActiveCfg = Debug|Any CPU
		{0969A007-491D-41C8-B339-64A9E077C80D}.Debug|Any CPU.Build.0 = Debug|Any CPU
		{0969A007-491D-41C8-B339-64A9E077C80D}.Debug|x64.ActiveCfg = Debug|Any CPU
		{0969A007-491D-41C8-B339-64A9E077C80D}.Debug|x64.Build.0 = Debug|Any CPU
		{0969A007-491D-41C8-B339-64A9E077C80D}.Debug|x86.ActiveCfg = Debug|Any CPU
		{0969A007-491D-41C8-B339-64A9E077C80D}.Debug|x86.Build.0 = Debug|Any CPU
		{0969A007-491D-41C8-B339-64A9E077C80D}.Release|Any CPU.ActiveCfg = Release|Any CPU
		{0969A007-491D-41C8-B339-64A9E077C80D}.Release|Any CPU.Build.0 = Release|Any CPU
		{0969A007-491D-41C8-B339-64A9E077C80D}.Release|x64.ActiveCfg = Release|Any CPU
		{0969A007-491D-41C8-B339-64A9E077C80D}.Release|x64.Build.0 = Release|Any CPU
		{0969A007-491D-41C8-B339-64A9E077C80D}.Release|x86.ActiveCfg = Release|Any CPU
		{0969A007-491D-41C8-B339-64A9E077C80D}.Release|x86.Build.0 = Release|Any CPU
		{8BE3A048-1047-4210-8F16-B907E9C5BE9F}.Debug|Any CPU.ActiveCfg = Debug|Any CPU
		{8BE3A048-1047-4210-8F16-B907E9C5BE9F}.Debug|Any CPU.Build.0 = Debug|Any CPU
		{8BE3A048-1047-4210-8F16-B907E9C5BE9F}.Debug|x64.ActiveCfg = Debug|Any CPU
		{8BE3A048-1047-4210-8F16-B907E9C5BE9F}.Debug|x64.Build.0 = Debug|Any CPU
		{8BE3A048-1047-4210-8F16-B907E9C5BE9F}.Debug|x86.ActiveCfg = Debug|Any CPU
		{8BE3A048-1047-4210-8F16-B907E9C5BE9F}.Debug|x86.Build.0 = Debug|Any CPU
		{8BE3A048-1047-4210-8F16-B907E9C5BE9F}.Release|Any CPU.ActiveCfg = Release|Any CPU
		{8BE3A048-1047-4210-8F16-B907E9C5BE9F}.Release|Any CPU.Build.0 = Release|Any CPU
		{8BE3A048-1047-4210-8F16-B907E9C5BE9F}.Release|x64.ActiveCfg = Release|Any CPU
		{8BE3A048-1047-4210-8F16-B907E9C5BE9F}.Release|x64.Build.0 = Release|Any CPU
		{8BE3A048-1047-4210-8F16-B907E9C5BE9F}.Release|x86.ActiveCfg = Release|Any CPU
		{8BE3A048-1047-4210-8F16-B907E9C5BE9F}.Release|x86.Build.0 = Release|Any CPU
		{AC0B8303-FF82-4DDD-92E5-87060FCF7B6C}.Debug|Any CPU.ActiveCfg = Debug|Any CPU
		{AC0B8303-FF82-4DDD-92E5-87060FCF7B6C}.Debug|Any CPU.Build.0 = Debug|Any CPU
		{AC0B8303-FF82-4DDD-92E5-87060FCF7B6C}.Debug|x64.ActiveCfg = Debug|Any CPU
		{AC0B8303-FF82-4DDD-92E5-87060FCF7B6C}.Debug|x64.Build.0 = Debug|Any CPU
		{AC0B8303-FF82-4DDD-92E5-87060FCF7B6C}.Debug|x86.ActiveCfg = Debug|Any CPU
		{AC0B8303-FF82-4DDD-92E5-87060FCF7B6C}.Debug|x86.Build.0 = Debug|Any CPU
		{AC0B8303-FF82-4DDD-92E5-87060FCF7B6C}.Release|Any CPU.ActiveCfg = Release|Any CPU
		{AC0B8303-FF82-4DDD-92E5-87060FCF7B6C}.Release|Any CPU.Build.0 = Release|Any CPU
		{AC0B8303-FF82-4DDD-92E5-87060FCF7B6C}.Release|x64.ActiveCfg = Release|Any CPU
		{AC0B8303-FF82-4DDD-92E5-87060FCF7B6C}.Release|x64.Build.0 = Release|Any CPU
		{AC0B8303-FF82-4DDD-92E5-87060FCF7B6C}.Release|x86.ActiveCfg = Release|Any CPU
		{AC0B8303-FF82-4DDD-92E5-87060FCF7B6C}.Release|x86.Build.0 = Release|Any CPU
	EndGlobalSection
	GlobalSection(SolutionProperties) = preSolution
		HideSolutionNode = FALSE
	EndGlobalSection
	GlobalSection(NestedProjects) = preSolution
		{1E32F3FD-D389-4E81-B081-ADC14C1A5F37} = {827E0CD3-B72D-47B6-A68D-7590B98EB39B}
		{0969A007-491D-41C8-B339-64A9E077C80D} = {827E0CD3-B72D-47B6-A68D-7590B98EB39B}
		{8BE3A048-1047-4210-8F16-B907E9C5BE9F} = {827E0CD3-B72D-47B6-A68D-7590B98EB39B}
		{AC0B8303-FF82-4DDD-92E5-87060FCF7B6C} = {827E0CD3-B72D-47B6-A68D-7590B98EB39B}
	EndGlobalSection
EndGlobal
